{
  "version": 4,
  "terraform_version": "1.15.8",
  "serial": 3,
  "lineage": "1e73fd2e-e4b8-25e3-4cb1-4eb42aba383d",
  "outputs": {},
  "resources": [
    {
      "mode": "managed",
      "type": "null_resource",
      "name": "empty_space",
      "provider": "provider[\"registry.terraform.io/hashicorp/null\"]",
      "instances": [
        {
          "schema_version": 0,
          "attributes": {
            "id": "7926651013722809685",
            "triggers": null
          },
          "sensitive_attributes": [],
          "identity_schema_version": 0,
          "dependencies": [
            "random_password.password"
          ]
        }
      ]
    },
    {
      "mode": "managed",
      "type": "random_password",
      "name": "password",
      "provider": "provider[\"registry.terraform.io/hashicorp/random\"]",
      "instances": [
        {
          "schema_version": 3,
          "attributes": {
            "bcrypt_hash": "$2a$10$ePAw7pO5BuZA3FXxnAzDWOYyhu28mAA6cbjTV7mLie4.WdbLcN1zK",
            "id": "none",
            "keepers": null,
            "length": 16,
            "lower": true,
            "min_lower": 0,
            "min_numeric": 0,
            "min_special": 0,
            "min_upper": 0,
            "number": true,
            "numeric": true,
            "override_special": "_%@",
            "result": "ImYObyC%UcQguTWy",
            "special": true,
            "upper": true
          },
          "sensitive_attributes": [
            [
              {
                "type": "get_attr",
                "value": "bcrypt_hash"
              }
            ],
            [
              {
                "type": "get_attr",
                "value": "result"
              }
            ]
          ],
          "identity_schema_version": 0
        }
      ]
    }
  ],
  "check_results": null
}
