{
  "version": 4,
  "terraform_version": "1.15.8",
  "serial": 1,
  "lineage": "67da4466-94bd-c4ac-e9e9-c26f75529b08",
  "outputs": {},
  "resources": [
    {
      "mode": "managed",
      "type": "docker_image",
      "name": "nginx",
      "provider": "provider[\"registry.terraform.io/kreuzwerker/docker\"]",
      "instances": [
        {
          "schema_version": 0,
          "attributes": {
            "build": [],
            "force_remove": null,
            "id": "sha256:8e10956422503824ebb599f37c26a90fe70541942687f70bbdb744530fc9eba4nginx:1.19.6",
            "image_id": "sha256:8e10956422503824ebb599f37c26a90fe70541942687f70bbdb744530fc9eba4",
            "keep_locally": true,
            "name": "nginx:1.19.6",
            "platform": null,
            "pull_triggers": null,
            "repo_digest": "nginx@sha256:8e10956422503824ebb599f37c26a90fe70541942687f70bbdb744530fc9eba4",
            "timeouts": null,
            "triggers": null
          },
          "sensitive_attributes": [],
          "identity_schema_version": 0,
          "private": "eyJlMmJmYjczMC1lY2FhLTExZTYtOGY4OC0zNDM2M2JjN2M0YzAiOnsiY3JlYXRlIjoxMjAwMDAwMDAwMDAwLCJkZWxldGUiOjEyMDAwMDAwMDAwMDAsInVwZGF0ZSI6MTIwMDAwMDAwMDAwMH19"
        }
      ]
    }
  ],
  "check_results": null
}
